
Microsoft Visual Studio Solution File, Format Version 12.00
# Visual Studio Version 17
VisualStudioVersion = 17.10.35122.118
MinimumVisualStudioVersion = 10.0.40219.1
Project("{FAE04EC0-301F-11D3-BF4B-00C04F79EFBC}") = "MyBlog", "MyBlog\MyBlog.csproj", "{E221B65F-2548-4E0A-BC27-B69AADEEFAC9}"
EndProject
Global
	GlobalSection(SolutionConfigurationPlatforms) = preSolution
		Debug|Any CPU = Debug|Any CPU
		Release|Any CPU = Release|Any CPU
	EndGlobalSection
	GlobalSection(ProjectConfigurationPlatforms) = postSolution
		{E221B65F-2548-4E0A-BC27-B69AADEEFAC9}.Debug|Any CPU.ActiveCfg = Debug|Any CPU
		{E221B65F-2548-4E0A-BC27-B69AADEEFAC9}.Debug|Any CPU.Build.0 = Debug|Any CPU
		{E221B65F-2548-4E0A-BC27-B69AADEEFAC9}.Release|Any CPU.ActiveCfg = Release|Any CPU
		{E221B65F-2548-4E0A-BC27-B69AADEEFAC9}.Release|Any CPU.Build.0 = Release|Any CPU
	EndGlobalSection
	GlobalSection(SolutionProperties) = preSolution
		HideSolutionNode = FALSE
	EndGlobalSection
	GlobalSection(ExtensibilityGlobals) = postSolution
		SolutionGuid = {DE0BB386-2828-4AAE-9AD1-E77CFA046A92}
	EndGlobalSection
EndGlobal
